{
  "name": "@websh/shell",
  "version": "0.1.0",
  "lockfileVersion": 1,
  "requires": true,
  "dependencies": {
    "@websh/remote-master-port": {
      "version": "0.1.1",
      "resolved": "https://registry.npmjs.org/@websh/remote-master-port/-/remote-master-port-0.1.1.tgz",
      "integrity": "sha512-xQK/FfFlNZcwoBHrsIs68AT24SQ5cheh2PpIs6R3ETAjNNwJTNO3Js/wRJOr9fW21E4hclvnKXBwM1okQosi4w=="
    }
  }
}
